
Microsoft Visual Studio Solution File, Format Version 12.00
# Visual Studio 15
VisualStudioVersion = 15.0.28010.2046
MinimumVisualStudioVersion = 10.0.40219.1
Project("{FAE04EC0-301F-11D3-BF4B-00C04F79EFBC}") = "addresbook-web-tests", "addresbook-web-tests\addresbook-web-tests.csproj", "{06988435-4F28-485E-9E6F-EBCC7CB6B1CA}"
EndProject
Global
	GlobalSection(SolutionConfigurationPlatforms) = preSolution
		Debug|Any CPU = Debug|Any CPU
		Release|Any CPU = Release|Any CPU
	EndGlobalSection
	GlobalSection(ProjectConfigurationPlatforms) = postSolution
		{06988435-4F28-485E-9E6F-EBCC7CB6B1CA}.Debug|Any CPU.ActiveCfg = Debug|Any CPU
		{06988435-4F28-485E-9E6F-EBCC7CB6B1CA}.Debug|Any CPU.Build.0 = Debug|Any CPU
		{06988435-4F28-485E-9E6F-EBCC7CB6B1CA}.Release|Any CPU.ActiveCfg = Release|Any CPU
		{06988435-4F28-485E-9E6F-EBCC7CB6B1CA}.Release|Any CPU.Build.0 = Release|Any CPU
	EndGlobalSection
	GlobalSection(SolutionProperties) = preSolution
		HideSolutionNode = FALSE
	EndGlobalSection
	GlobalSection(ExtensibilityGlobals) = postSolution
		SolutionGuid = {AE6308D4-EC7D-46A6-A487-B7148524B3CB}
	EndGlobalSection
EndGlobal
